
Microsoft Visual Studio Solution File, Format Version 12.00
# Visual Studio Version 17
VisualStudioVersion = 17.5.33516.290
MinimumVisualStudioVersion = 10.0.40219.1
Project("{FAE04EC0-301F-11D3-BF4B-00C04F79EFBC}") = "WorkingWithHttp", "WorkingWithHttp\WorkingWithHttp.csproj", "{8F824C03-0572-45B6-BB8B-9F3DAEBD236B}"
EndProject
Global
	GlobalSection(SolutionConfigurationPlatforms) = preSolution
		Debug|Any CPU = Debug|Any CPU
		Release|Any CPU = Release|Any CPU
	EndGlobalSection
	GlobalSection(ProjectConfigurationPlatforms) = postSolution
		{8F824C03-0572-45B6-BB8B-9F3DAEBD236B}.Debug|Any CPU.ActiveCfg = Debug|Any CPU
		{8F824C03-0572-45B6-BB8B-9F3DAEBD236B}.Debug|Any CPU.Build.0 = Debug|Any CPU
		{8F824C03-0572-45B6-BB8B-9F3DAEBD236B}.Release|Any CPU.ActiveCfg = Release|Any CPU
		{8F824C03-0572-45B6-BB8B-9F3DAEBD236B}.Release|Any CPU.Build.0 = Release|Any CPU
	EndGlobalSection
	GlobalSection(SolutionProperties) = preSolution
		HideSolutionNode = FALSE
	EndGlobalSection
	GlobalSection(ExtensibilityGlobals) = postSolution
		SolutionGuid = {F528FF3A-EDD7-4728-9A37-E6771266905F}
	EndGlobalSection
EndGlobal
